// !$*UTF8*$!
{
	archiveVersion = 1;
	classes = {
	};
	objectVersion = 46;
	objects = {

/* Begin PBXBuildFile section */
		023B411B19FC88FA00972BE3 /* .gitignore in Resources */ = {isa = PBXBuildFile; fileRef = 023B411A19FC88FA00972BE3 /* .gitignore */; };
		023B411E19FC8E4D00972BE3 /* CoreDataManager.m in Sources */ = {isa = PBXBuildFile; fileRef = 023B411D19FC8E4D00972BE3 /* CoreDataManager.m */; };
		023B412119FC977700972BE3 /* InstagramAPIController.m in Sources */ = {isa = PBXBuildFile; fileRef = 023B412019FC977700972BE3 /* InstagramAPIController.m */; };
		023B412319FCA69600972BE3 /* MainStoryboard.storyboard in Resources */ = {isa = PBXBuildFile; fileRef = 023B412219FCA69500972BE3 /* MainStoryboard.storyboard */; };
		023B412F19FCF05100972BE3 /* CollectionViewCell.m in Sources */ = {isa = PBXBuildFile; fileRef = 023B412E19FCF05100972BE3 /* CollectionViewCell.m */; };
		02B6394E19FE208F001EF0FD /* DetailViewController.m in Sources */ = {isa = PBXBuildFile; fileRef = 02B6394D19FE208F001EF0FD /* DetailViewController.m */; };
		02BF9B5319FC85CF00523C71 /* InstaViewModelController.m in Sources */ = {isa = PBXBuildFile; fileRef = 02BF9B5219FC85CF00523C71 /* InstaViewModelController.m */; };
		02C07C591A002A7200F81801 /* grayFemale.png in Resources */ = {isa = PBXBuildFile; fileRef = 02C07C581A002A7200F81801 /* grayFemale.png */; };
		02EA0C1D19FC7FCA00C773A8 /* main.m in Sources */ = {isa = PBXBuildFile; fileRef = 02EA0C1C19FC7FCA00C773A8 /* main.m */; };
		02EA0C2019FC7FCA00C773A8 /* AppDelegate.m in Sources */ = {isa = PBXBuildFile; fileRef = 02EA0C1F19FC7FCA00C773A8 /* AppDelegate.m */; };
		02EA0C2319FC7FCA00C773A8 /* Instagramatic.xcdatamodeld in Sources */ = {isa = PBXBuildFile; fileRef = 02EA0C2119FC7FCA00C773A8 /* Instagramatic.xcdatamodeld */; };
		02EA0C2B19FC7FCA00C773A8 /* Images.xcassets in Resources */ = {isa = PBXBuildFile; fileRef = 02EA0C2A19FC7FCA00C773A8 /* Images.xcassets */; };
		02EA0C2E19FC7FCA00C773A8 /* LaunchScreen.xib in Resources */ = {isa = PBXBuildFile; fileRef = 02EA0C2C19FC7FCA00C773A8 /* LaunchScreen.xib */; };
		02EA0C3A19FC7FCA00C773A8 /* InstagramaticTests.m in Sources */ = {isa = PBXBuildFile; fileRef = 02EA0C3919FC7FCA00C773A8 /* InstagramaticTests.m */; };
		02EA0C4519FC813100C773A8 /* InstaViewController.m in Sources */ = {isa = PBXBuildFile; fileRef = 02EA0C4419FC813100C773A8 /* InstaViewController.m */; };
/* End PBXBuildFile section */

/* Begin PBXContainerItemProxy section */
		02EA0C3419FC7FCA00C773A8 /* PBXContainerItemProxy */ = {
			isa = PBXContainerItemProxy;
			containerPortal = 02EA0C0F19FC7FCA00C773A8 /* Project object */;
			proxyType = 1;
			remoteGlobalIDString = 02EA0C1619FC7FCA00C773A8;
			remoteInfo = Instagramatic;
		};
/* End PBXContainerItemProxy section */

/* Begin PBXFileReference section */
		023B411A19FC88FA00972BE3 /* .gitignore */ = {isa = PBXFileReference; fileEncoding = 4; lastKnownFileType = text; path = .gitignore; sourceTree = SOURCE_ROOT; };
		023B411C19FC8E4D00972BE3 /* CoreDataManager.h */ = {isa = PBXFileReference; fileEncoding = 4; lastKnownFileType = sourcecode.c.h; path = CoreDataManager.h; sourceTree = "<group>"; };
		023B411D19FC8E4D00972BE3 /* CoreDataManager.m */ = {isa = PBXFileReference; fileEncoding = 4; lastKnownFileType = sourcecode.c.objc; path = CoreDataManager.m; sourceTree = "<group>"; };
		023B411F19FC977700972BE3 /* InstagramAPIController.h */ = {isa = PBXFileReference; fileEncoding = 4; lastKnownFileType = sourcecode.c.h; path = InstagramAPIController.h; sourceTree = "<group>"; };
		023B412019FC977700972BE3 /* InstagramAPIController.m */ = {isa = PBXFileReference; fileEncoding = 4; lastKnownFileType = sourcecode.c.objc; path = InstagramAPIController.m; sourceTree = "<group>"; };
		023B412219FCA69500972BE3 /* MainStoryboard.storyboard */ = {isa = PBXFileReference; fileEncoding = 4; lastKnownFileType = file.storyboard; path = MainStoryboard.storyboard; sourceTree = "<group>"; };
		023B412D19FCF05100972BE3 /* CollectionViewCell.h */ = {isa = PBXFileReference; fileEncoding = 4; lastKnownFileType = sourcecode.c.h; path = CollectionViewCell.h; sourceTree = "<group>"; };
		023B412E19FCF05100972BE3 /* CollectionViewCell.m */ = {isa = PBXFileReference; fileEncoding = 4; lastKnownFileType = sourcecode.c.objc; path = CollectionViewCell.m; sourceTree = "<group>"; };
		02660AF019FEDB08004079F0 /* Instagramatic 2.xcdatamodel */ = {isa = PBXFileReference; lastKnownFileType = wrapper.xcdatamodel; path = "Instagramatic 2.xcdatamodel"; sourceTree = "<group>"; };
		02B6394B19FE1E59001EF0FD /* InstaViewModelControllerDelegate.h */ = {isa = PBXFileReference; fileEncoding = 4; lastKnownFileType = sourcecode.c.h; path = InstaViewModelControllerDelegate.h; sourceTree = "<group>"; };
		02B6394C19FE208F001EF0FD /* DetailViewController.h */ = {isa = PBXFileReference; fileEncoding = 4; lastKnownFileType = sourcecode.c.h; path = DetailViewController.h; sourceTree = "<group>"; };
		02B6394D19FE208F001EF0FD /* DetailViewController.m */ = {isa = PBXFileReference; fileEncoding = 4; lastKnownFileType = sourcecode.c.objc; path = DetailViewController.m; sourceTree = "<group>"; };
		02BF9B5119FC85CF00523C71 /* InstaViewModelController.h */ = {isa = PBXFileReference; fileEncoding = 4; lastKnownFileType = sourcecode.c.h; path = InstaViewModelController.h; sourceTree = "<group>"; };
		02BF9B5219FC85CF00523C71 /* InstaViewModelController.m */ = {isa = PBXFileReference; fileEncoding = 4; lastKnownFileType = sourcecode.c.objc; path = InstaViewModelController.m; sourceTree = "<group>"; };
		02BF9B5419FC861C00523C71 /* Instaview.pch */ = {isa = PBXFileReference; fileEncoding = 4; lastKnownFileType = sourcecode.c.h; path = Instaview.pch; sourceTree = "<group>"; };
		02C07C581A002A7200F81801 /* grayFemale.png */ = {isa = PBXFileReference; lastKnownFileType = image.png; path = grayFemale.png; sourceTree = "<group>"; };
		02EA0C1719FC7FCA00C773A8 /* Instagramatic.app */ = {isa = PBXFileReference; explicitFileType = wrapper.application; includeInIndex = 0; path = Instagramatic.app; sourceTree = BUILT_PRODUCTS_DIR; };
		02EA0C1B19FC7FCA00C773A8 /* Info.plist */ = {isa = PBXFileReference; lastKnownFileType = text.plist.xml; path = Info.plist; sourceTree = "<group>"; };
		02EA0C1C19FC7FCA00C773A8 /* main.m */ = {isa = PBXFileReference; lastKnownFileType = sourcecode.c.objc; path = main.m; sourceTree = "<group>"; };
		02EA0C1E19FC7FCA00C773A8 /* AppDelegate.h */ = {isa = PBXFileReference; lastKnownFileType = sourcecode.c.h; path = AppDelegate.h; sourceTree = "<group>"; };
		02EA0C1F19FC7FCA00C773A8 /* AppDelegate.m */ = {isa = PBXFileReference; lastKnownFileType = sourcecode.c.objc; path = AppDelegate.m; sourceTree = "<group>"; };
		02EA0C2219FC7FCA00C773A8 /* Instagramatic.xcdatamodel */ = {isa = PBXFileReference; lastKnownFileType = wrapper.xcdatamodel; path = Instagramatic.xcdatamodel; sourceTree = "<group>"; };
		02EA0C2A19FC7FCA00C773A8 /* Images.xcassets */ = {isa = PBXFileReference; lastKnownFileType = folder.assetcatalog; path = Images.xcassets; sourceTree = "<group>"; };
		02EA0C2D19FC7FCA00C773A8 /* Base */ = {isa = PBXFileReference; lastKnownFileType = file.xib; name = Base; path = Base.lproj/LaunchScreen.xib; sourceTree = "<group>"; };
		02EA0C3319FC7FCA00C773A8 /* InstagramaticTests.xctest */ = {isa = PBXFileReference; explicitFileType = wrapper.cfbundle; includeInIndex = 0; path = InstagramaticTests.xctest; sourceTree = BUILT_PRODUCTS_DIR; };
		02EA0C3819FC7FCA00C773A8 /* Info.plist */ = {isa = PBXFileReference; lastKnownFileType = text.plist.xml; path = Info.plist; sourceTree = "<group>"; };
		02EA0C3919FC7FCA00C773A8 /* InstagramaticTests.m */ = {isa = PBXFileReference; lastKnownFileType = sourcecode.c.objc; path = InstagramaticTests.m; sourceTree = "<group>"; };
		02EA0C4319FC813100C773A8 /* InstaViewController.h */ = {isa = PBXFileReference; fileEncoding = 4; lastKnownFileType = sourcecode.c.h; path = InstaViewController.h; sourceTree = "<group>"; };
		02EA0C4419FC813100C773A8 /* InstaViewController.m */ = {isa = PBXFileReference; fileEncoding = 4; lastKnownFileType = sourcecode.c.objc; path = InstaViewController.m; sourceTree = "<group>"; };
/* End PBXFileReference section */

/* Begin PBXFrameworksBuildPhase section */
		02EA0C1419FC7FCA00C773A8 /* Frameworks */ = {
			isa = PBXFrameworksBuildPhase;
			buildActionMask = 2147483647;
			files = (
			);
			runOnlyForDeploymentPostprocessing = 0;
		};
		02EA0C3019FC7FCA00C773A8 /* Frameworks */ = {
			isa = PBXFrameworksBuildPhase;
			buildActionMask = 2147483647;
			files = (
			);
			runOnlyForDeploymentPostprocessing = 0;
		};
/* End PBXFrameworksBuildPhase section */

/* Begin PBXGroup section */
		023B412419FCB43900972BE3 /* Core Data */ = {
			isa = PBXGroup;
			children = (
				02EA0C2119FC7FCA00C773A8 /* Instagramatic.xcdatamodeld */,
				023B411C19FC8E4D00972BE3 /* CoreDataManager.h */,
				023B411D19FC8E4D00972BE3 /* CoreDataManager.m */,
			);
			name = "Core Data";
			sourceTree = "<group>";
		};
		023B412619FCB46300972BE3 /* Instagram */ = {
			isa = PBXGroup;
			children = (
				02B6394B19FE1E59001EF0FD /* InstaViewModelControllerDelegate.h */,
				023B411F19FC977700972BE3 /* InstagramAPIController.h */,
				023B412019FC977700972BE3 /* InstagramAPIController.m */,
				02BF9B5119FC85CF00523C71 /* InstaViewModelController.h */,
				02BF9B5219FC85CF00523C71 /* InstaViewModelController.m */,
			);
			name = Instagram;
			sourceTree = "<group>";
		};
		02EA0C0E19FC7FCA00C773A8 = {
			isa = PBXGroup;
			children = (
				02EA0C1919FC7FCA00C773A8 /* Instagramatic */,
				02EA0C3619FC7FCA00C773A8 /* InstagramaticTests */,
				02EA0C1819FC7FCA00C773A8 /* Products */,
			);
			sourceTree = "<group>";
		};
		02EA0C1819FC7FCA00C773A8 /* Products */ = {
			isa = PBXGroup;
			children = (
				02EA0C1719FC7FCA00C773A8 /* Instagramatic.app */,
				02EA0C3319FC7FCA00C773A8 /* InstagramaticTests.xctest */,
			);
			name = Products;
			sourceTree = "<group>";
		};
		02EA0C1919FC7FCA00C773A8 /* Instagramatic */ = {
			isa = PBXGroup;
			children = (
				023B412219FCA69500972BE3 /* MainStoryboard.storyboard */,
				02EA0C1E19FC7FCA00C773A8 /* AppDelegate.h */,
				02EA0C1F19FC7FCA00C773A8 /* AppDelegate.m */,
				023B412D19FCF05100972BE3 /* CollectionViewCell.h */,
				023B412E19FCF05100972BE3 /* CollectionViewCell.m */,
				023B412419FCB43900972BE3 /* Core Data */,
				02B6394C19FE208F001EF0FD /* DetailViewController.h */,
				02B6394D19FE208F001EF0FD /* DetailViewController.m */,
				02EA0C2A19FC7FCA00C773A8 /* Images.xcassets */,
				023B412619FCB46300972BE3 /* Instagram */,
				02EA0C4319FC813100C773A8 /* InstaViewController.h */,
				02EA0C4419FC813100C773A8 /* InstaViewController.m */,
				02EA0C1A19FC7FCA00C773A8 /* Supporting Files */,
			);
			path = Instagramatic;
			sourceTree = "<group>";
		};
		02EA0C1A19FC7FCA00C773A8 /* Supporting Files */ = {
			isa = PBXGroup;
			children = (
				02C07C581A002A7200F81801 /* grayFemale.png */,
				02EA0C2C19FC7FCA00C773A8 /* LaunchScreen.xib */,
				02BF9B5419FC861C00523C71 /* Instaview.pch */,
				023B411A19FC88FA00972BE3 /* .gitignore */,
				02EA0C1B19FC7FCA00C773A8 /* Info.plist */,
				02EA0C1C19FC7FCA00C773A8 /* main.m */,
			);
			name = "Supporting Files";
			sourceTree = "<group>";
		};
		02EA0C3619FC7FCA00C773A8 /* InstagramaticTests */ = {
			isa = PBXGroup;
			children = (
				02EA0C3919FC7FCA00C773A8 /* InstagramaticTests.m */,
				02EA0C3719FC7FCA00C773A8 /* Supporting Files */,
			);
			path = InstagramaticTests;
			sourceTree = "<group>";
		};
		02EA0C3719FC7FCA00C773A8 /* Supporting Files */ = {
			isa = PBXGroup;
			children = (
				02EA0C3819FC7FCA00C773A8 /* Info.plist */,
			);
			name = "Supporting Files";
			sourceTree = "<group>";
		};
/* End PBXGroup section */

/* Begin PBXNativeTarget section */
		02EA0C1619FC7FCA00C773A8 /* Instagramatic */ = {
			isa = PBXNativeTarget;
			buildConfigurationList = 02EA0C3D19FC7FCA00C773A8 /* Build configuration list for PBXNativeTarget "Instagramatic" */;
			buildPhases = (
				02EA0C1319FC7FCA00C773A8 /* Sources */,
				02EA0C1419FC7FCA00C773A8 /* Frameworks */,
				02EA0C1519FC7FCA00C773A8 /* Resources */,
			);
			buildRules = (
			);
			dependencies = (
			);
			name = Instagramatic;
			productName = Instagramatic;
			productReference = 02EA0C1719FC7FCA00C773A8 /* Instagramatic.app */;
			productType = "com.apple.product-type.application";
		};
		02EA0C3219FC7FCA00C773A8 /* InstagramaticTests */ = {
			isa = PBXNativeTarget;
			buildConfigurationList = 02EA0C4019FC7FCA00C773A8 /* Build configuration list for PBXNativeTarget "InstagramaticTests" */;
			buildPhases = (
				02EA0C2F19FC7FCA00C773A8 /* Sources */,
				02EA0C3019FC7FCA00C773A8 /* Frameworks */,
				02EA0C3119FC7FCA00C773A8 /* Resources */,
			);
			buildRules = (
			);
			dependencies = (
				02EA0C3519FC7FCA00C773A8 /* PBXTargetDependency */,
			);
			name = InstagramaticTests;
			productName = InstagramaticTests;
			productReference = 02EA0C3319FC7FCA00C773A8 /* InstagramaticTests.xctest */;
			productType = "com.apple.product-type.bundle.unit-test";
		};
/* End PBXNativeTarget section */

/* Begin PBXProject section */
		02EA0C0F19FC7FCA00C773A8 /* Project object */ = {
			isa = PBXProject;
			attributes = {
				LastUpgradeCheck = 0610;
				ORGANIZATIONNAME = "Ron Barr";
				TargetAttributes = {
					02EA0C1619FC7FCA00C773A8 = {
						CreatedOnToolsVersion = 6.1;
						DevelopmentTeam = W9JG6BU6FH;
					};
					02EA0C3219FC7FCA00C773A8 = {
						CreatedOnToolsVersion = 6.1;
						TestTargetID = 02EA0C1619FC7FCA00C773A8;
					};
				};
			};
			buildConfigurationList = 02EA0C1219FC7FCA00C773A8 /* Build configuration list for PBXProject "Instagramatic" */;
			compatibilityVersion = "Xcode 3.2";
			developmentRegion = English;
			hasScannedForEncodings = 0;
			knownRegions = (
				en,
				Base,
			);
			mainGroup = 02EA0C0E19FC7FCA00C773A8;
			productRefGroup = 02EA0C1819FC7FCA00C773A8 /* Products */;
			projectDirPath = "";
			projectRoot = "";
			targets = (
				02EA0C1619FC7FCA00C773A8 /* Instagramatic */,
				02EA0C3219FC7FCA00C773A8 /* InstagramaticTests */,
			);
		};
/* End PBXProject section */

/* Begin PBXResourcesBuildPhase section */
		02EA0C1519FC7FCA00C773A8 /* Resources */ = {
			isa = PBXResourcesBuildPhase;
			buildActionMask = 2147483647;
			files = (
				02C07C591A002A7200F81801 /* grayFemale.png in Resources */,
				023B411B19FC88FA00972BE3 /* .gitignore in Resources */,
				023B412319FCA69600972BE3 /* MainStoryboard.storyboard in Resources */,
				02EA0C2E19FC7FCA00C773A8 /* LaunchScreen.xib in Resources */,
				02EA0C2B19FC7FCA00C773A8 /* Images.xcassets in Resources */,
			);
			runOnlyForDeploymentPostprocessing = 0;
		};
		02EA0C3119FC7FCA00C773A8 /* Resources */ = {
			isa = PBXResourcesBuildPhase;
			buildActionMask = 2147483647;
			files = (
			);
			runOnlyForDeploymentPostprocessing = 0;
		};
/* End PBXResourcesBuildPhase section */

/* Begin PBXSourcesBuildPhase section */
		02EA0C1319FC7FCA00C773A8 /* Sources */ = {
			isa = PBXSourcesBuildPhase;
			buildActionMask = 2147483647;
			files = (
				023B411E19FC8E4D00972BE3 /* CoreDataManager.m in Sources */,
				023B412119FC977700972BE3 /* InstagramAPIController.m in Sources */,
				02B6394E19FE208F001EF0FD /* DetailViewController.m in Sources */,
				02EA0C2019FC7FCA00C773A8 /* AppDelegate.m in Sources */,
				02EA0C2319FC7FCA00C773A8 /* Instagramatic.xcdatamodeld in Sources */,
				02EA0C1D19FC7FCA00C773A8 /* main.m in Sources */,
				02BF9B5319FC85CF00523C71 /* InstaViewModelController.m in Sources */,
				023B412F19FCF05100972BE3 /* CollectionViewCell.m in Sources */,
				02EA0C4519FC813100C773A8 /* InstaViewController.m in Sources */,
			);
			runOnlyForDeploymentPostprocessing = 0;
		};
		02EA0C2F19FC7FCA00C773A8 /* Sources */ = {
			isa = PBXSourcesBuildPhase;
			buildActionMask = 2147483647;
			files = (
				02EA0C3A19FC7FCA00C773A8 /* InstagramaticTests.m in Sources */,
			);
			runOnlyForDeploymentPostprocessing = 0;
		};
/* End PBXSourcesBuildPhase section */

/* Begin PBXTargetDependency section */
		02EA0C3519FC7FCA00C773A8 /* PBXTargetDependency */ = {
			isa = PBXTargetDependency;
			target = 02EA0C1619FC7FCA00C773A8 /* Instagramatic */;
			targetProxy = 02EA0C3419FC7FCA00C773A8 /* PBXContainerItemProxy */;
		};
/* End PBXTargetDependency section */

/* Begin PBXVariantGroup section */
		02EA0C2C19FC7FCA00C773A8 /* LaunchScreen.xib */ = {
			isa = PBXVariantGroup;
			children = (
				02EA0C2D19FC7FCA00C773A8 /* Base */,
			);
			name = LaunchScreen.xib;
			sourceTree = "<group>";
		};
/* End PBXVariantGroup section */

/* Begin XCBuildConfiguration section */
		02EA0C3B19FC7FCA00C773A8 /* Debug */ = {
			isa = XCBuildConfiguration;
			buildSettings = {
				ALWAYS_SEARCH_USER_PATHS = NO;
				CLANG_CXX_LANGUAGE_STANDARD = "gnu++0x";
				CLANG_CXX_LIBRARY = "libc++";
				CLANG_ENABLE_MODULES = YES;
				CLANG_ENABLE_OBJC_ARC = YES;
				CLANG_WARN_BOOL_CONVERSION = YES;
				CLANG_WARN_CONSTANT_CONVERSION = YES;
				CLANG_WARN_DIRECT_OBJC_ISA_USAGE = YES_ERROR;
				CLANG_WARN_EMPTY_BODY = YES;
				CLANG_WARN_ENUM_CONVERSION = YES;
				CLANG_WARN_INT_CONVERSION = YES;
				CLANG_WARN_OBJC_ROOT_CLASS = YES_ERROR;
				CLANG_WARN_UNREACHABLE_CODE = YES;
				CLANG_WARN__DUPLICATE_METHOD_MATCH = YES;
				"CODE_SIGN_IDENTITY[sdk=iphoneos*]" = "iPhone Developer";
				COPY_PHASE_STRIP = NO;
				ENABLE_STRICT_OBJC_MSGSEND = YES;
				GCC_C_LANGUAGE_STANDARD = gnu99;
				GCC_DYNAMIC_NO_PIC = NO;
				GCC_OPTIMIZATION_LEVEL = 0;
				GCC_PREPROCESSOR_DEFINITIONS = (
					"DEBUG=1",
					"$(inherited)",
				);
				GCC_SYMBOLS_PRIVATE_EXTERN = NO;
				GCC_WARN_64_TO_32_BIT_CONVERSION = YES;
				GCC_WARN_ABOUT_RETURN_TYPE = YES_ERROR;
				GCC_WARN_UNDECLARED_SELECTOR = YES;
				GCC_WARN_UNINITIALIZED_AUTOS = YES_AGGRESSIVE;
				GCC_WARN_UNUSED_FUNCTION = YES;
				GCC_WARN_UNUSED_VARIABLE = YES;
				IPHONEOS_DEPLOYMENT_TARGET = 8.1;
				MTL_ENABLE_DEBUG_INFO = YES;
				ONLY_ACTIVE_ARCH = YES;
				SDKROOT = iphoneos;
				TARGETED_DEVICE_FAMILY = "1,2";
			};
			name = Debug;
		};
		02EA0C3C19FC7FCA00C773A8 /* Release */ = {
			isa = XCBuildConfiguration;
			buildSettings = {
				ALWAYS_SEARCH_USER_PATHS = NO;
				CLANG_CXX_LANGUAGE_STANDARD = "gnu++0x";
				CLANG_CXX_LIBRARY = "libc++";
				CLANG_ENABLE_MODULES = YES;
				CLANG_ENABLE_OBJC_ARC = YES;
				CLANG_WARN_BOOL_CONVERSION = YES;
				CLANG_WARN_CONSTANT_CONVERSION = YES;
				CLANG_WARN_DIRECT_OBJC_ISA_USAGE = YES_ERROR;
				CLANG_WARN_EMPTY_BODY = YES;
				CLANG_WARN_ENUM_CONVERSION = YES;
				CLANG_WARN_INT_CONVERSION = YES;
				CLANG_WARN_OBJC_ROOT_CLASS = YES_ERROR;
				CLANG_WARN_UNREACHABLE_CODE = YES;
				CLANG_WARN__DUPLICATE_METHOD_MATCH = YES;
				"CODE_SIGN_IDENTITY[sdk=iphoneos*]" = "iPhone Developer";
				COPY_PHASE_STRIP = YES;
				ENABLE_NS_ASSERTIONS = NO;
				ENABLE_STRICT_OBJC_MSGSEND = YES;
				GCC_C_LANGUAGE_STANDARD = gnu99;
				GCC_WARN_64_TO_32_BIT_CONVERSION = YES;
				GCC_WARN_ABOUT_RETURN_TYPE = YES_ERROR;
				GCC_WARN_UNDECLARED_SELECTOR = YES;
				GCC_WARN_UNINITIALIZED_AUTOS = YES_AGGRESSIVE;
				GCC_WARN_UNUSED_FUNCTION = YES;
				GCC_WARN_UNUSED_VARIABLE = YES;
				IPHONEOS_DEPLOYMENT_TARGET = 8.1;
				MTL_ENABLE_DEBUG_INFO = NO;
				SDKROOT = iphoneos;
				TARGETED_DEVICE_FAMILY = "1,2";
				VALIDATE_PRODUCT = YES;
			};
			name = Release;
		};
		02EA0C3E19FC7FCA00C773A8 /* Debug */ = {
			isa = XCBuildConfiguration;
			buildSettings = {
				ASSETCATALOG_COMPILER_APPICON_NAME = AppIcon;
				CODE_SIGN_IDENTITY = "iPhone Developer";
				GCC_PREFIX_HEADER = Instagramatic/Instaview.pch;
				INFOPLIST_FILE = Instagramatic/Info.plist;
				LD_RUNPATH_SEARCH_PATHS = "$(inherited) @executable_path/Frameworks";
				PRODUCT_NAME = "$(TARGET_NAME)";
			};
			name = Debug;
		};
		02EA0C3F19FC7FCA00C773A8 /* Release */ = {
			isa = XCBuildConfiguration;
			buildSettings = {
				ASSETCATALOG_COMPILER_APPICON_NAME = AppIcon;
				CODE_SIGN_IDENTITY = "iPhone Developer";
				GCC_PREFIX_HEADER = Instagramatic/Instaview.pch;
				INFOPLIST_FILE = Instagramatic/Info.plist;
				LD_RUNPATH_SEARCH_PATHS = "$(inherited) @executable_path/Frameworks";
				PRODUCT_NAME = "$(TARGET_NAME)";
			};
			name = Release;
		};
		02EA0C4119FC7FCA00C773A8 /* Debug */ = {
			isa = XCBuildConfiguration;
			buildSettings = {
				BUNDLE_LOADER = "$(TEST_HOST)";
				FRAMEWORK_SEARCH_PATHS = (
					"$(SDKROOT)/Developer/Library/Frameworks",
					"$(inherited)",
				);
				GCC_PREPROCESSOR_DEFINITIONS = (
					"DEBUG=1",
					"$(inherited)",
				);
				INFOPLIST_FILE = InstagramaticTests/Info.plist;
				LD_RUNPATH_SEARCH_PATHS = "$(inherited) @executable_path/Frameworks @loader_path/Frameworks";
				PRODUCT_NAME = "$(TARGET_NAME)";
				TEST_HOST = "$(BUILT_PRODUCTS_DIR)/Instagramatic.app/Instagramatic";
			};
			name = Debug;
		};
		02EA0C4219FC7FCA00C773A8 /* Release */ = {
			isa = XCBuildConfiguration;
			buildSettings = {
				BUNDLE_LOADER = "$(TEST_HOST)";
				FRAMEWORK_SEARCH_PATHS = (
					"$(SDKROOT)/Developer/Library/Frameworks",
					"$(inherited)",
				);
				INFOPLIST_FILE = InstagramaticTests/Info.plist;
				LD_RUNPATH_SEARCH_PATHS = "$(inherited) @executable_path/Frameworks @loader_path/Frameworks";
				PRODUCT_NAME = "$(TARGET_NAME)";
				TEST_HOST = "$(BUILT_PRODUCTS_DIR)/Instagramatic.app/Instagramatic";
			};
			name = Release;
		};
/* End XCBuildConfiguration section */

/* Begin XCConfigurationList section */
		02EA0C1219FC7FCA00C773A8 /* Build configuration list for PBXProject "Instagramatic" */ = {
			isa = XCConfigurationList;
			buildConfigurations = (
				02EA0C3B19FC7FCA00C773A8 /* Debug */,
				02EA0C3C19FC7FCA00C773A8 /* Release */,
			);
			defaultConfigurationIsVisible = 0;
			defaultConfigurationName = Release;
		};
		02EA0C3D19FC7FCA00C773A8 /* Build configuration list for PBXNativeTarget "Instagramatic" */ = {
			isa = XCConfigurationList;
			buildConfigurations = (
				02EA0C3E19FC7FCA00C773A8 /* Debug */,
				02EA0C3F19FC7FCA00C773A8 /* Release */,
			);
			defaultConfigurationIsVisible = 0;
			defaultConfigurationName = Release;
		};
		02EA0C4019FC7FCA00C773A8 /* Build configuration list for PBXNativeTarget "InstagramaticTests" */ = {
			isa = XCConfigurationList;
			buildConfigurations = (
				02EA0C4119FC7FCA00C773A8 /* Debug */,
				02EA0C4219FC7FCA00C773A8 /* Release */,
			);
			defaultConfigurationIsVisible = 0;
			defaultConfigurationName = Release;
		};
/* End XCConfigurationList section */

/* Begin XCVersionGroup section */
		02EA0C2119FC7FCA00C773A8 /* Instagramatic.xcdatamodeld */ = {
			isa = XCVersionGroup;
			children = (
				02660AF019FEDB08004079F0 /* Instagramatic 2.xcdatamodel */,
				02EA0C2219FC7FCA00C773A8 /* Instagramatic.xcdatamodel */,
			);
			currentVersion = 02660AF019FEDB08004079F0 /* Instagramatic 2.xcdatamodel */;
			path = Instagramatic.xcdatamodeld;
			sourceTree = "<group>";
			versionGroupType = wrapper.xcdatamodel;
		};
/* End XCVersionGroup section */
	};
	rootObject = 02EA0C0F19FC7FCA00C773A8 /* Project object */;
}
